{
  "name": "music-automata-tonegenerator-util",
  "version": "1.0.0",
  "lockfileVersion": 1,
  "requires": true,
  "dependencies": {
    "tonegenerator": {
      "version": "0.3.2",
      "resolved": "https://registry.npmjs.org/tonegenerator/-/tonegenerator-0.3.2.tgz",
      "integrity": "sha512-TWAMl0cf33WwkEF+jcIIKugwG+UMfWvi1cdjOUU81FWEM6znHbZ8U+ELzvm2goOJPDwcq+qfwbuJGle0F1ZjqA=="
    }
  }
}
